{
  "version": 4,
  "terraform_version": "1.13.5",
  "serial": 12,
  "lineage": "8045c091-1d46-156b-dc9c-23ea41730340",
  "outputs": {
    "aws_region": {
      "value": "us-west-2",
      "type": "string"
    },
    "deploy_role_arn": {
      "value": "arn:aws:iam::870071777424:role/aidlc-deliver-github-actions",
      "type": "string"
    },
    "tfstate_bucket": {
      "value": "aidlc-deliver-tfstate-7478c88b",
      "type": "string"
    }
  },
  "resources": [
    {
      "mode": "data",
      "type": "aws_caller_identity",
      "name": "current",
      "provider": "provider[\"registry.terraform.io/hashicorp/aws\"]",
      "instances": [
        {
          "schema_version": 0,
          "attributes": {
            "account_id": "870071777424",
            "arn": "arn:aws:sts::870071777424:assumed-role/Admin/kmsilvam-Isengard",
            "id": "870071777424",
            "user_id": "AROA4VFCRXCINS5AVOMA7:kmsilvam-Isengard"
          },
          "sensitive_attributes": [],
          "identity_schema_version": 0
        }
      ]
    },
    {
      "mode": "managed",
      "type": "aws_iam_role",
      "name": "deploy",
      "provider": "provider[\"registry.terraform.io/hashicorp/aws\"]",
      "instances": [
        {
          "schema_version": 0,
          "attributes": {
            "arn": "arn:aws:iam::870071777424:role/aidlc-deliver-github-actions",
            "assume_role_policy": "{\"Statement\":[{\"Action\":\"sts:AssumeRoleWithWebIdentity\",\"Condition\":{\"StringEquals\":{\"token.actions.githubusercontent.com:aud\":\"sts.amazonaws.com\"},\"StringLike\":{\"token.actions.githubusercontent.com:sub\":[\"repo:matheus-1618/teste-sample:*\",\"repo:matheus-1618@*/teste-sample@*:*\",\"repo:matheus-1618/html-hub-amplify:*\",\"repo:matheus-1618@*/html-hub-amplify@*:*\"]}},\"Effect\":\"Allow\",\"Principal\":{\"Federated\":\"arn:aws:iam::870071777424:oidc-provider/token.actions.githubusercontent.com\"}}],\"Version\":\"2012-10-17\"}",
            "create_date": "2026-09-12T00:35:53Z",
            "description": "",
            "force_detach_policies": false,
            "id": "aidlc-deliver-github-actions",
            "inline_policy": [
              {
                "name": "deliver-static-site",
                "policy": "{\"Version\":\"2012-10-17\",\"Statement\":[{\"Action\":\"s3:*\",\"Effect\":\"Allow\",\"Resource\":[\"arn:aws:s3:::deliver-*\",\"arn:aws:s3:::deliver-*/*\"],\"Sid\":\"SiteBuckets\"},{\"Action\":[\"cloudfront:CreateDistribution\",\"cloudfront:UpdateDistribution\",\"cloudfront:DeleteDistribution\",\"cloudfront:GetDistribution\",\"cloudfront:GetDistributionConfig\",\"cloudfront:ListDistributions\",\"cloudfront:TagResource\",\"cloudfront:UntagResource\",\"cloudfront:ListTagsForResource\",\"cloudfront:CreateOriginAccessControl\",\"cloudfront:DeleteOriginAccessControl\",\"cloudfront:GetOriginAccessControl\",\"cloudfront:UpdateOriginAccessControl\",\"cloudfront:CreateInvalidation\"],\"Effect\":\"Allow\",\"Resource\":\"*\",\"Sid\":\"CloudFront\"},{\"Action\":[\"tag:GetResources\"],\"Effect\":\"Allow\",\"Resource\":\"*\",\"Sid\":\"TagAudit\"},{\"Action\":[\"s3:GetObject\",\"s3:PutObject\",\"s3:DeleteObject\",\"s3:ListBucket\"],\"Effect\":\"Allow\",\"Resource\":[\"arn:aws:s3:::aidlc-deliver-tfstate-7478c88b\",\"arn:aws:s3:::aidlc-deliver-tfstate-7478c88b/*\"],\"Sid\":\"TfState\"}]}"
              }
            ],
            "managed_policy_arns": [],
            "max_session_duration": 3600,
            "name": "aidlc-deliver-github-actions",
            "name_prefix": "",
            "path": "/",
            "permissions_boundary": "",
            "tags": {},
            "tags_all": {
              "ManagedBy": "aidlc-deliver-kit",
              "Project": "aidlc-deliver"
            },
            "unique_id": "AROA4VFCRXCIOBYECMKNQ"
          },
          "sensitive_attributes": [],
          "identity_schema_version": 0,
          "identity": {
            "account_id": "870071777424",
            "name": "aidlc-deliver-github-actions"
          },
          "private": "bnVsbA==",
          "dependencies": [
            "aws_iam_openid_connect_provider.github",
            "data.aws_caller_identity.current"
          ]
        }
      ]
    },
    {
      "mode": "managed",
      "type": "aws_iam_role_policy",
      "name": "deploy",
      "provider": "provider[\"registry.terraform.io/hashicorp/aws\"]",
      "instances": [
        {
          "schema_version": 0,
          "attributes": {
            "id": "aidlc-deliver-github-actions:deliver-static-site",
            "name": "deliver-static-site",
            "name_prefix": "",
            "policy": "{\"Version\":\"2012-10-17\",\"Statement\":[{\"Action\":\"s3:*\",\"Effect\":\"Allow\",\"Resource\":[\"arn:aws:s3:::deliver-*\",\"arn:aws:s3:::deliver-*/*\"],\"Sid\":\"SiteBuckets\"},{\"Action\":[\"cloudfront:CreateDistribution\",\"cloudfront:UpdateDistribution\",\"cloudfront:DeleteDistribution\",\"cloudfront:GetDistribution\",\"cloudfront:GetDistributionConfig\",\"cloudfront:ListDistributions\",\"cloudfront:TagResource\",\"cloudfront:UntagResource\",\"cloudfront:ListTagsForResource\",\"cloudfront:CreateOriginAccessControl\",\"cloudfront:DeleteOriginAccessControl\",\"cloudfront:GetOriginAccessControl\",\"cloudfront:UpdateOriginAccessControl\",\"cloudfront:CreateInvalidation\"],\"Effect\":\"Allow\",\"Resource\":\"*\",\"Sid\":\"CloudFront\"},{\"Action\":[\"tag:GetResources\"],\"Effect\":\"Allow\",\"Resource\":\"*\",\"Sid\":\"TagAudit\"},{\"Action\":[\"lambda:*\"],\"Effect\":\"Allow\",\"Resource\":\"arn:aws:lambda:*:870071777424:function:deliver-*\",\"Sid\":\"LambdaBackend\"},{\"Action\":[\"logs:CreateLogGroup\",\"logs:DeleteLogGroup\",\"logs:DescribeLogGroups\",\"logs:PutRetentionPolicy\",\"logs:TagResource\",\"logs:ListTagsForResource\",\"logs:ListTagsLogGroup\"],\"Effect\":\"Allow\",\"Resource\":\"arn:aws:logs:*:870071777424:log-group:/aws/lambda/deliver-*\",\"Sid\":\"LambdaLogs\"},{\"Action\":[\"iam:CreateRole\",\"iam:DeleteRole\",\"iam:GetRole\",\"iam:TagRole\",\"iam:PutRolePolicy\",\"iam:DeleteRolePolicy\",\"iam:GetRolePolicy\",\"iam:ListRolePolicies\",\"iam:AttachRolePolicy\",\"iam:DetachRolePolicy\",\"iam:ListAttachedRolePolicies\",\"iam:ListInstanceProfilesForRole\",\"iam:PassRole\"],\"Effect\":\"Allow\",\"Resource\":\"arn:aws:iam::870071777424:role/deliver-*\",\"Sid\":\"LambdaExecRole\"},{\"Action\":[\"s3:GetObject\",\"s3:PutObject\",\"s3:DeleteObject\",\"s3:ListBucket\"],\"Effect\":\"Allow\",\"Resource\":[\"arn:aws:s3:::aidlc-deliver-tfstate-7478c88b\",\"arn:aws:s3:::aidlc-deliver-tfstate-7478c88b/*\"],\"Sid\":\"TfState\"}]}",
            "role": "aidlc-deliver-github-actions"
          },
          "sensitive_attributes": [],
          "identity_schema_version": 0,
          "identity": {
            "account_id": "870071777424",
            "name": "deliver-static-site",
            "role": "aidlc-deliver-github-actions"
          },
          "private": "bnVsbA==",
          "dependencies": [
            "aws_iam_openid_connect_provider.github",
            "aws_iam_role.deploy",
            "aws_s3_bucket.tfstate",
            "data.aws_caller_identity.current",
            "random_id.suffix"
          ]
        }
      ]
    },
    {
      "mode": "managed",
      "type": "aws_s3_bucket",
      "name": "tfstate",
      "provider": "provider[\"registry.terraform.io/hashicorp/aws\"]",
      "instances": [
        {
          "schema_version": 0,
          "attributes": {
            "acceleration_status": "",
            "acl": null,
            "arn": "arn:aws:s3:::aidlc-deliver-tfstate-7478c88b",
            "bucket": "aidlc-deliver-tfstate-7478c88b",
            "bucket_domain_name": "aidlc-deliver-tfstate-7478c88b.s3.amazonaws.com",
            "bucket_namespace": "global",
            "bucket_prefix": "",
            "bucket_region": "us-west-2",
            "bucket_regional_domain_name": "aidlc-deliver-tfstate-7478c88b.s3.us-west-2.amazonaws.com",
            "cors_rule": [],
            "force_destroy": true,
            "grant": [
              {
                "id": "d776614de5b1ac6753a8c59f9d0a93bd7518b238fdc404ad69af9271e17b1e42",
                "permissions": [
                  "FULL_CONTROL"
                ],
                "type": "CanonicalUser",
                "uri": ""
              }
            ],
            "hosted_zone_id": "Z3BJ6K6RIION7M",
            "id": "aidlc-deliver-tfstate-7478c88b",
            "lifecycle_rule": [],
            "logging": [],
            "object_lock_configuration": [],
            "object_lock_enabled": false,
            "policy": "",
            "region": "us-west-2",
            "replication_configuration": [],
            "request_payer": "BucketOwner",
            "server_side_encryption_configuration": [
              {
                "rule": [
                  {
                    "apply_server_side_encryption_by_default": [
                      {
                        "kms_master_key_id": "",
                        "sse_algorithm": "AES256"
                      }
                    ],
                    "bucket_key_enabled": false
                  }
                ]
              }
            ],
            "tags": {},
            "tags_all": {
              "ManagedBy": "aidlc-deliver-kit",
              "Project": "aidlc-deliver"
            },
            "timeouts": null,
            "versioning": [
              {
                "enabled": true,
                "mfa_delete": false
              }
            ],
            "website": [],
            "website_domain": null,
            "website_endpoint": null
          },
          "sensitive_attributes": [],
          "identity_schema_version": 0,
          "identity": {
            "account_id": "870071777424",
            "bucket": "aidlc-deliver-tfstate-7478c88b",
            "region": "us-west-2"
          },
          "private": "eyJlMmJmYjczMC1lY2FhLTExZTYtOGY4OC0zNDM2M2JjN2M0YzAiOnsiY3JlYXRlIjoxMjAwMDAwMDAwMDAwLCJkZWxldGUiOjM2MDAwMDAwMDAwMDAsInJlYWQiOjEyMDAwMDAwMDAwMDAsInVwZGF0ZSI6MTIwMDAwMDAwMDAwMH19",
          "dependencies": [
            "random_id.suffix"
          ]
        }
      ]
    },
    {
      "mode": "managed",
      "type": "aws_s3_bucket_public_access_block",
      "name": "tfstate",
      "provider": "provider[\"registry.terraform.io/hashicorp/aws\"]",
      "instances": [
        {
          "schema_version": 0,
          "attributes": {
            "block_public_acls": true,
            "block_public_policy": true,
            "bucket": "aidlc-deliver-tfstate-7478c88b",
            "id": "aidlc-deliver-tfstate-7478c88b",
            "ignore_public_acls": true,
            "region": "us-west-2",
            "restrict_public_buckets": true,
            "skip_destroy": null
          },
          "sensitive_attributes": [],
          "identity_schema_version": 0,
          "identity": {
            "account_id": "870071777424",
            "bucket": "aidlc-deliver-tfstate-7478c88b",
            "region": "us-west-2"
          },
          "private": "bnVsbA==",
          "dependencies": [
            "aws_s3_bucket.tfstate",
            "random_id.suffix"
          ]
        }
      ]
    },
    {
      "mode": "managed",
      "type": "aws_s3_bucket_server_side_encryption_configuration",
      "name": "tfstate",
      "provider": "provider[\"registry.terraform.io/hashicorp/aws\"]",
      "instances": [
        {
          "schema_version": 0,
          "attributes": {
            "bucket": "aidlc-deliver-tfstate-7478c88b",
            "expected_bucket_owner": "",
            "id": "aidlc-deliver-tfstate-7478c88b",
            "region": "us-west-2",
            "rule": [
              {
                "apply_server_side_encryption_by_default": [
                  {
                    "kms_master_key_id": "",
                    "sse_algorithm": "AES256"
                  }
                ],
                "blocked_encryption_types": [
                  "SSE-C"
                ],
                "bucket_key_enabled": false
              }
            ]
          },
          "sensitive_attributes": [],
          "identity_schema_version": 1,
          "identity": {
            "account_id": "870071777424",
            "bucket": "aidlc-deliver-tfstate-7478c88b",
            "region": "us-west-2"
          },
          "private": "bnVsbA==",
          "dependencies": [
            "aws_s3_bucket.tfstate",
            "random_id.suffix"
          ]
        }
      ]
    },
    {
      "mode": "managed",
      "type": "aws_s3_bucket_versioning",
      "name": "tfstate",
      "provider": "provider[\"registry.terraform.io/hashicorp/aws\"]",
      "instances": [
        {
          "schema_version": 0,
          "attributes": {
            "bucket": "aidlc-deliver-tfstate-7478c88b",
            "expected_bucket_owner": "",
            "id": "aidlc-deliver-tfstate-7478c88b",
            "mfa": null,
            "region": "us-west-2",
            "versioning_configuration": [
              {
                "mfa_delete": "Disabled",
                "status": "Enabled"
              }
            ]
          },
          "sensitive_attributes": [],
          "identity_schema_version": 1,
          "identity": {
            "account_id": "870071777424",
            "bucket": "aidlc-deliver-tfstate-7478c88b",
            "region": "us-west-2"
          },
          "private": "bnVsbA==",
          "dependencies": [
            "aws_s3_bucket.tfstate",
            "random_id.suffix"
          ]
        }
      ]
    },
    {
      "mode": "managed",
      "type": "random_id",
      "name": "suffix",
      "provider": "provider[\"registry.terraform.io/hashicorp/random\"]",
      "instances": [
        {
          "schema_version": 0,
          "attributes": {
            "b64_std": "dHjIiw==",
            "b64_url": "dHjIiw",
            "byte_length": 4,
            "dec": "1954072715",
            "hex": "7478c88b",
            "id": "dHjIiw",
            "keepers": null,
            "prefix": null
          },
          "sensitive_attributes": [],
          "identity_schema_version": 0
        }
      ]
    }
  ],
  "check_results": null
}
